// !$*UTF8*$!
{
	archiveVersion = 1;
	classes = {
	};
	objectVersion = 46;
	objects = {

/* Begin PBXBuildFile section */
		DAF190F651725E651713719D /* Pods_RainnyShinyCloudy.framework in Frameworks */ = {isa = PBXBuildFile; fileRef = 3178A93B1826F9483F32E305 /* Pods_RainnyShinyCloudy.framework */; };
		E815310B1F23A71900FC0A31 /* Constants.swift in Sources */ = {isa = PBXBuildFile; fileRef = E815310A1F23A71900FC0A31 /* Constants.swift */; };
		E815310D1F23A81000FC0A31 /* CurrentWeather.swift in Sources */ = {isa = PBXBuildFile; fileRef = E815310C1F23A81000FC0A31 /* CurrentWeather.swift */; };
		E815310F1F23C20100FC0A31 /* Forecast.swift in Sources */ = {isa = PBXBuildFile; fileRef = E815310E1F23C20100FC0A31 /* Forecast.swift */; };
		E81531111F23D17100FC0A31 /* WeatherCell.swift in Sources */ = {isa = PBXBuildFile; fileRef = E81531101F23D17100FC0A31 /* WeatherCell.swift */; };
		E81531131F23DC7700FC0A31 /* Location.swift in Sources */ = {isa = PBXBuildFile; fileRef = E81531121F23DC7700FC0A31 /* Location.swift */; };
		E8D5F2361F2341D6000C0ADA /* AppDelegate.swift in Sources */ = {isa = PBXBuildFile; fileRef = E8D5F2351F2341D6000C0ADA /* AppDelegate.swift */; };
		E8D5F2381F2341D6000C0ADA /* WeatherVC.swift in Sources */ = {isa = PBXBuildFile; fileRef = E8D5F2371F2341D6000C0ADA /* WeatherVC.swift */; };
		E8D5F23B1F2341D6000C0ADA /* Main.storyboard in Resources */ = {isa = PBXBuildFile; fileRef = E8D5F2391F2341D6000C0ADA /* Main.storyboard */; };
		E8D5F23D1F2341D6000C0ADA /* Assets.xcassets in Resources */ = {isa = PBXBuildFile; fileRef = E8D5F23C1F2341D6000C0ADA /* Assets.xcassets */; };
		E8D5F2401F2341D6000C0ADA /* LaunchScreen.storyboard in Resources */ = {isa = PBXBuildFile; fileRef = E8D5F23E1F2341D6000C0ADA /* LaunchScreen.storyboard */; };
/* End PBXBuildFile section */

/* Begin PBXFileReference section */
		3178A93B1826F9483F32E305 /* Pods_RainnyShinyCloudy.framework */ = {isa = PBXFileReference; explicitFileType = wrapper.framework; includeInIndex = 0; path = Pods_RainnyShinyCloudy.framework; sourceTree = BUILT_PRODUCTS_DIR; };
		54A36EC2DCB2033F1B632EEC /* Pods-RainnyShinyCloudy.debug.xcconfig */ = {isa = PBXFileReference; includeInIndex = 1; lastKnownFileType = text.xcconfig; name = "Pods-RainnyShinyCloudy.debug.xcconfig"; path = "Pods/Target Support Files/Pods-RainnyShinyCloudy/Pods-RainnyShinyCloudy.debug.xcconfig"; sourceTree = "<group>"; };
		D7296B50079FAB69F253B170 /* Pods-RainnyShinyCloudy.release.xcconfig */ = {isa = PBXFileReference; includeInIndex = 1; lastKnownFileType = text.xcconfig; name = "Pods-RainnyShinyCloudy.release.xcconfig"; path = "Pods/Target Support Files/Pods-RainnyShinyCloudy/Pods-RainnyShinyCloudy.release.xcconfig"; sourceTree = "<group>"; };
		E815310A1F23A71900FC0A31 /* Constants.swift */ = {isa = PBXFileReference; fileEncoding = 4; lastKnownFileType = sourcecode.swift; path = Constants.swift; sourceTree = "<group>"; };
		E815310C1F23A81000FC0A31 /* CurrentWeather.swift */ = {isa = PBXFileReference; fileEncoding = 4; lastKnownFileType = sourcecode.swift; path = CurrentWeather.swift; sourceTree = "<group>"; };
		E815310E1F23C20100FC0A31 /* Forecast.swift */ = {isa = PBXFileReference; fileEncoding = 4; lastKnownFileType = sourcecode.swift; path = Forecast.swift; sourceTree = "<group>"; };
		E81531101F23D17100FC0A31 /* WeatherCell.swift */ = {isa = PBXFileReference; fileEncoding = 4; lastKnownFileType = sourcecode.swift; path = WeatherCell.swift; sourceTree = "<group>"; };
		E81531121F23DC7700FC0A31 /* Location.swift */ = {isa = PBXFileReference; fileEncoding = 4; lastKnownFileType = sourcecode.swift; path = Location.swift; sourceTree = "<group>"; };
		E8D5F2321F2341D6000C0ADA /* RainnyShinyCloudy.app */ = {isa = PBXFileReference; explicitFileType = wrapper.application; includeInIndex = 0; path = RainnyShinyCloudy.app; sourceTree = BUILT_PRODUCTS_DIR; };
		E8D5F2351F2341D6000C0ADA /* AppDelegate.swift */ = {isa = PBXFileReference; lastKnownFileType = sourcecode.swift; path = AppDelegate.swift; sourceTree = "<group>"; };
		E8D5F2371F2341D6000C0ADA /* WeatherVC.swift */ = {isa = PBXFileReference; lastKnownFileType = sourcecode.swift; path = WeatherVC.swift; sourceTree = "<group>"; };
		E8D5F23A1F2341D6000C0ADA /* Base */ = {isa = PBXFileReference; lastKnownFileType = file.storyboard; name = Base; path = Base.lproj/Main.storyboard; sourceTree = "<group>"; };
		E8D5F23C1F2341D6000C0ADA /* Assets.xcassets */ = {isa = PBXFileReference; lastKnownFileType = folder.assetcatalog; path = Assets.xcassets; sourceTree = "<group>"; };
		E8D5F23F1F2341D6000C0ADA /* Base */ = {isa = PBXFileReference; lastKnownFileType = file.storyboard; name = Base; path = Base.lproj/LaunchScreen.storyboard; sourceTree = "<group>"; };
		E8D5F2411F2341D6000C0ADA /* Info.plist */ = {isa = PBXFileReference; lastKnownFileType = text.plist.xml; path = Info.plist; sourceTree = "<group>"; };
/* End PBXFileReference section */

/* Begin PBXFrameworksBuildPhase section */
		E8D5F22F1F2341D6000C0ADA /* Frameworks */ = {
			isa = PBXFrameworksBuildPhase;
			buildActionMask = 2147483647;
			files = (
				DAF190F651725E651713719D /* Pods_RainnyShinyCloudy.framework in Frameworks */,
			);
			runOnlyForDeploymentPostprocessing = 0;
		};
/* End PBXFrameworksBuildPhase section */

/* Begin PBXGroup section */
		E8D5F2291F2341D6000C0ADA = {
			isa = PBXGroup;
			children = (
				E8D5F2341F2341D6000C0ADA /* RainnyShinyCloudy */,
				E8D5F2331F2341D6000C0ADA /* Products */,
				EEDDB839FF5FFC7579F91C6B /* Pods */,
				FC7BC2295B2D1A8B416FABF6 /* Frameworks */,
			);
			sourceTree = "<group>";
		};
		E8D5F2331F2341D6000C0ADA /* Products */ = {
			isa = PBXGroup;
			children = (
				E8D5F2321F2341D6000C0ADA /* RainnyShinyCloudy.app */,
			);
			name = Products;
			sourceTree = "<group>";
		};
		E8D5F2341F2341D6000C0ADA /* RainnyShinyCloudy */ = {
			isa = PBXGroup;
			children = (
				E8D5F2351F2341D6000C0ADA /* AppDelegate.swift */,
				E8D5F2371F2341D6000C0ADA /* WeatherVC.swift */,
				E8D5F2391F2341D6000C0ADA /* Main.storyboard */,
				E8D5F23C1F2341D6000C0ADA /* Assets.xcassets */,
				E8D5F23E1F2341D6000C0ADA /* LaunchScreen.storyboard */,
				E8D5F2411F2341D6000C0ADA /* Info.plist */,
				E815310A1F23A71900FC0A31 /* Constants.swift */,
				E815310C1F23A81000FC0A31 /* CurrentWeather.swift */,
				E815310E1F23C20100FC0A31 /* Forecast.swift */,
				E81531101F23D17100FC0A31 /* WeatherCell.swift */,
				E81531121F23DC7700FC0A31 /* Location.swift */,
			);
			path = RainnyShinyCloudy;
			sourceTree = "<group>";
		};
		EEDDB839FF5FFC7579F91C6B /* Pods */ = {
			isa = PBXGroup;
			children = (
				54A36EC2DCB2033F1B632EEC /* Pods-RainnyShinyCloudy.debug.xcconfig */,
				D7296B50079FAB69F253B170 /* Pods-RainnyShinyCloudy.release.xcconfig */,
			);
			name = Pods;
			sourceTree = "<group>";
		};
		FC7BC2295B2D1A8B416FABF6 /* Frameworks */ = {
			isa = PBXGroup;
			children = (
				3178A93B1826F9483F32E305 /* Pods_RainnyShinyCloudy.framework */,
			);
			name = Frameworks;
			sourceTree = "<group>";
		};
/* End PBXGroup section */

/* Begin PBXNativeTarget section */
		E8D5F2311F2341D6000C0ADA /* RainnyShinyCloudy */ = {
			isa = PBXNativeTarget;
			buildConfigurationList = E8D5F2441F2341D6000C0ADA /* Build configuration list for PBXNativeTarget "RainnyShinyCloudy" */;
			buildPhases = (
				8625EC7C25E146BA1B070E45 /* [CP] Check Pods Manifest.lock */,
				E8D5F22E1F2341D6000C0ADA /* Sources */,
				E8D5F22F1F2341D6000C0ADA /* Frameworks */,
				E8D5F2301F2341D6000C0ADA /* Resources */,
				4D58D55559CBE01FCB710EBA /* [CP] Embed Pods Frameworks */,
				7CBA2B4F4B32A449977A04EA /* [CP] Copy Pods Resources */,
			);
			buildRules = (
			);
			dependencies = (
			);
			name = RainnyShinyCloudy;
			productName = RainnyShinyCloudy;
			productReference = E8D5F2321F2341D6000C0ADA /* RainnyShinyCloudy.app */;
			productType = "com.apple.product-type.application";
		};
/* End PBXNativeTarget section */

/* Begin PBXProject section */
		E8D5F22A1F2341D6000C0ADA /* Project object */ = {
			isa = PBXProject;
			attributes = {
				LastSwiftUpdateCheck = 0830;
				LastUpgradeCheck = 0830;
				ORGANIZATIONNAME = "Apostolos Chalkias";
				TargetAttributes = {
					E8D5F2311F2341D6000C0ADA = {
						CreatedOnToolsVersion = 8.3.3;
						ProvisioningStyle = Automatic;
					};
				};
			};
			buildConfigurationList = E8D5F22D1F2341D6000C0ADA /* Build configuration list for PBXProject "RainnyShinyCloudy" */;
			compatibilityVersion = "Xcode 3.2";
			developmentRegion = English;
			hasScannedForEncodings = 0;
			knownRegions = (
				en,
				Base,
			);
			mainGroup = E8D5F2291F2341D6000C0ADA;
			productRefGroup = E8D5F2331F2341D6000C0ADA /* Products */;
			projectDirPath = "";
			projectRoot = "";
			targets = (
				E8D5F2311F2341D6000C0ADA /* RainnyShinyCloudy */,
			);
		};
/* End PBXProject section */

/* Begin PBXResourcesBuildPhase section */
		E8D5F2301F2341D6000C0ADA /* Resources */ = {
			isa = PBXResourcesBuildPhase;
			buildActionMask = 2147483647;
			files = (
				E8D5F2401F2341D6000C0ADA /* LaunchScreen.storyboard in Resources */,
				E8D5F23D1F2341D6000C0ADA /* Assets.xcassets in Resources */,
				E8D5F23B1F2341D6000C0ADA /* Main.storyboard in Resources */,
			);
			runOnlyForDeploymentPostprocessing = 0;
		};
/* End PBXResourcesBuildPhase section */

/* Begin PBXShellScriptBuildPhase section */
		4D58D55559CBE01FCB710EBA /* [CP] Embed Pods Frameworks */ = {
			isa = PBXShellScriptBuildPhase;
			buildActionMask = 2147483647;
			files = (
			);
			inputPaths = (
			);
			name = "[CP] Embed Pods Frameworks";
			outputPaths = (
			);
			runOnlyForDeploymentPostprocessing = 0;
			shellPath = /bin/sh;
			shellScript = "\"${SRCROOT}/Pods/Target Support Files/Pods-RainnyShinyCloudy/Pods-RainnyShinyCloudy-frameworks.sh\"\n";
			showEnvVarsInLog = 0;
		};
		7CBA2B4F4B32A449977A04EA /* [CP] Copy Pods Resources */ = {
			isa = PBXShellScriptBuildPhase;
			buildActionMask = 2147483647;
			files = (
			);
			inputPaths = (
			);
			name = "[CP] Copy Pods Resources";
			outputPaths = (
			);
			runOnlyForDeploymentPostprocessing = 0;
			shellPath = /bin/sh;
			shellScript = "\"${SRCROOT}/Pods/Target Support Files/Pods-RainnyShinyCloudy/Pods-RainnyShinyCloudy-resources.sh\"\n";
			showEnvVarsInLog = 0;
		};
		8625EC7C25E146BA1B070E45 /* [CP] Check Pods Manifest.lock */ = {
			isa = PBXShellScriptBuildPhase;
			buildActionMask = 2147483647;
			files = (
			);
			inputPaths = (
			);
			name = "[CP] Check Pods Manifest.lock";
			outputPaths = (
			);
			runOnlyForDeploymentPostprocessing = 0;
			shellPath = /bin/sh;
			shellScript = "diff \"${PODS_PODFILE_DIR_PATH}/Podfile.lock\" \"${PODS_ROOT}/Manifest.lock\" > /dev/null\nif [ $? != 0 ] ; then\n    # print error to STDERR\n    echo \"error: The sandbox is not in sync with the Podfile.lock. Run 'pod install' or update your CocoaPods installation.\" >&2\n    exit 1\nfi\n";
			showEnvVarsInLog = 0;
		};
/* End PBXShellScriptBuildPhase section */

/* Begin PBXSourcesBuildPhase section */
		E8D5F22E1F2341D6000C0ADA /* Sources */ = {
			isa = PBXSourcesBuildPhase;
			buildActionMask = 2147483647;
			files = (
				E8D5F2381F2341D6000C0ADA /* WeatherVC.swift in Sources */,
				E8D5F2361F2341D6000C0ADA /* AppDelegate.swift in Sources */,
				E81531111F23D17100FC0A31 /* WeatherCell.swift in Sources */,
				E815310D1F23A81000FC0A31 /* CurrentWeather.swift in Sources */,
				E815310B1F23A71900FC0A31 /* Constants.swift in Sources */,
				E815310F1F23C20100FC0A31 /* Forecast.swift in Sources */,
				E81531131F23DC7700FC0A31 /* Location.swift in Sources */,
			);
			runOnlyForDeploymentPostprocessing = 0;
		};
/* End PBXSourcesBuildPhase section */

/* Begin PBXVariantGroup section */
		E8D5F2391F2341D6000C0ADA /* Main.storyboard */ = {
			isa = PBXVariantGroup;
			children = (
				E8D5F23A1F2341D6000C0ADA /* Base */,
			);
			name = Main.storyboard;
			sourceTree = "<group>";
		};
		E8D5F23E1F2341D6000C0ADA /* LaunchScreen.storyboard */ = {
			isa = PBXVariantGroup;
			children = (
				E8D5F23F1F2341D6000C0ADA /* Base */,
			);
			name = LaunchScreen.storyboard;
			sourceTree = "<group>";
		};
/* End PBXVariantGroup section */

/* Begin XCBuildConfiguration section */
		E8D5F2421F2341D6000C0ADA /* Debug */ = {
			isa = XCBuildConfiguration;
			buildSettings = {
				ALWAYS_SEARCH_USER_PATHS = NO;
				CLANG_ANALYZER_NONNULL = YES;
				CLANG_ANALYZER_NUMBER_OBJECT_CONVERSION = YES_AGGRESSIVE;
				CLANG_CXX_LANGUAGE_STANDARD = "gnu++0x";
				CLANG_CXX_LIBRARY = "libc++";
				CLANG_ENABLE_MODULES = YES;
				CLANG_ENABLE_OBJC_ARC = YES;
				CLANG_WARN_BOOL_CONVERSION = YES;
				CLANG_WARN_CONSTANT_CONVERSION = YES;
				CLANG_WARN_DIRECT_OBJC_ISA_USAGE = YES_ERROR;
				CLANG_WARN_DOCUMENTATION_COMMENTS = YES;
				CLANG_WARN_EMPTY_BODY = YES;
				CLANG_WARN_ENUM_CONVERSION = YES;
				CLANG_WARN_INFINITE_RECURSION = YES;
				CLANG_WARN_INT_CONVERSION = YES;
				CLANG_WARN_OBJC_ROOT_CLASS = YES_ERROR;
				CLANG_WARN_SUSPICIOUS_MOVE = YES;
				CLANG_WARN_UNREACHABLE_CODE = YES;
				CLANG_WARN__DUPLICATE_METHOD_MATCH = YES;
				"CODE_SIGN_IDENTITY[sdk=iphoneos*]" = "iPhone Developer";
				COPY_PHASE_STRIP = NO;
				DEBUG_INFORMATION_FORMAT = dwarf;
				ENABLE_STRICT_OBJC_MSGSEND = YES;
				ENABLE_TESTABILITY = YES;
				GCC_C_LANGUAGE_STANDARD = gnu99;
				GCC_DYNAMIC_NO_PIC = NO;
				GCC_NO_COMMON_BLOCKS = YES;
				GCC_OPTIMIZATION_LEVEL = 0;
				GCC_PREPROCESSOR_DEFINITIONS = (
					"DEBUG=1",
					"$(inherited)",
				);
				GCC_WARN_64_TO_32_BIT_CONVERSION = YES;
				GCC_WARN_ABOUT_RETURN_TYPE = YES_ERROR;
				GCC_WARN_UNDECLARED_SELECTOR = YES;
				GCC_WARN_UNINITIALIZED_AUTOS = YES_AGGRESSIVE;
				GCC_WARN_UNUSED_FUNCTION = YES;
				GCC_WARN_UNUSED_VARIABLE = YES;
				IPHONEOS_DEPLOYMENT_TARGET = 10.3;
				MTL_ENABLE_DEBUG_INFO = YES;
				ONLY_ACTIVE_ARCH = YES;
				SDKROOT = iphoneos;
				SWIFT_ACTIVE_COMPILATION_CONDITIONS = DEBUG;
				SWIFT_OPTIMIZATION_LEVEL = "-Onone";
				TARGETED_DEVICE_FAMILY = "1,2";
			};
			name = Debug;
		};
		E8D5F2431F2341D6000C0ADA /* Release */ = {
			isa = XCBuildConfiguration;
			buildSettings = {
				ALWAYS_SEARCH_USER_PATHS = NO;
				CLANG_ANALYZER_NONNULL = YES;
				CLANG_ANALYZER_NUMBER_OBJECT_CONVERSION = YES_AGGRESSIVE;
				CLANG_CXX_LANGUAGE_STANDARD = "gnu++0x";
				CLANG_CXX_LIBRARY = "libc++";
				CLANG_ENABLE_MODULES = YES;
				CLANG_ENABLE_OBJC_ARC = YES;
				CLANG_WARN_BOOL_CONVERSION = YES;
				CLANG_WARN_CONSTANT_CONVERSION = YES;
				CLANG_WARN_DIRECT_OBJC_ISA_USAGE = YES_ERROR;
				CLANG_WARN_DOCUMENTATION_COMMENTS = YES;
				CLANG_WARN_EMPTY_BODY = YES;
				CLANG_WARN_ENUM_CONVERSION = YES;
				CLANG_WARN_INFINITE_RECURSION = YES;
				CLANG_WARN_INT_CONVERSION = YES;
				CLANG_WARN_OBJC_ROOT_CLASS = YES_ERROR;
				CLANG_WARN_SUSPICIOUS_MOVE = YES;
				CLANG_WARN_UNREACHABLE_CODE = YES;
				CLANG_WARN__DUPLICATE_METHOD_MATCH = YES;
				"CODE_SIGN_IDENTITY[sdk=iphoneos*]" = "iPhone Developer";
				COPY_PHASE_STRIP = NO;
				DEBUG_INFORMATION_FORMAT = "dwarf-with-dsym";
				ENABLE_NS_ASSERTIONS = NO;
				ENABLE_STRICT_OBJC_MSGSEND = YES;
				GCC_C_LANGUAGE_STANDARD = gnu99;
				GCC_NO_COMMON_BLOCKS = YES;
				GCC_WARN_64_TO_32_BIT_CONVERSION = YES;
				GCC_WARN_ABOUT_RETURN_TYPE = YES_ERROR;
				GCC_WARN_UNDECLARED_SELECTOR = YES;
				GCC_WARN_UNINITIALIZED_AUTOS = YES_AGGRESSIVE;
				GCC_WARN_UNUSED_FUNCTION = YES;
				GCC_WARN_UNUSED_VARIABLE = YES;
				IPHONEOS_DEPLOYMENT_TARGET = 10.3;
				MTL_ENABLE_DEBUG_INFO = NO;
				SDKROOT = iphoneos;
				SWIFT_OPTIMIZATION_LEVEL = "-Owholemodule";
				TARGETED_DEVICE_FAMILY = "1,2";
				VALIDATE_PRODUCT = YES;
			};
			name = Release;
		};
		E8D5F2451F2341D6000C0ADA /* Debug */ = {
			isa = XCBuildConfiguration;
			baseConfigurationReference = 54A36EC2DCB2033F1B632EEC /* Pods-RainnyShinyCloudy.debug.xcconfig */;
			buildSettings = {
				ASSETCATALOG_COMPILER_APPICON_NAME = AppIcon;
				INFOPLIST_FILE = RainnyShinyCloudy/Info.plist;
				LD_RUNPATH_SEARCH_PATHS = "$(inherited) @executable_path/Frameworks";
				PRODUCT_BUNDLE_IDENTIFIER = com.achalkias.RainnyShinyCloudy;
				PRODUCT_NAME = "$(TARGET_NAME)";
				SWIFT_VERSION = 3.0;
				TARGETED_DEVICE_FAMILY = 1;
			};
			name = Debug;
		};
		E8D5F2461F2341D6000C0ADA /* Release */ = {
			isa = XCBuildConfiguration;
			baseConfigurationReference = D7296B50079FAB69F253B170 /* Pods-RainnyShinyCloudy.release.xcconfig */;
			buildSettings = {
				ASSETCATALOG_COMPILER_APPICON_NAME = AppIcon;
				INFOPLIST_FILE = RainnyShinyCloudy/Info.plist;
				LD_RUNPATH_SEARCH_PATHS = "$(inherited) @executable_path/Frameworks";
				PRODUCT_BUNDLE_IDENTIFIER = com.achalkias.RainnyShinyCloudy;
				PRODUCT_NAME = "$(TARGET_NAME)";
				SWIFT_VERSION = 3.0;
				TARGETED_DEVICE_FAMILY = 1;
			};
			name = Release;
		};
/* End XCBuildConfiguration section */

/* Begin XCConfigurationList section */
		E8D5F22D1F2341D6000C0ADA /* Build configuration list for PBXProject "RainnyShinyCloudy" */ = {
			isa = XCConfigurationList;
			buildConfigurations = (
				E8D5F2421F2341D6000C0ADA /* Debug */,
				E8D5F2431F2341D6000C0ADA /* Release */,
			);
			defaultConfigurationIsVisible = 0;
			defaultConfigurationName = Release;
		};
		E8D5F2441F2341D6000C0ADA /* Build configuration list for PBXNativeTarget "RainnyShinyCloudy" */ = {
			isa = XCConfigurationList;
			buildConfigurations = (
				E8D5F2451F2341D6000C0ADA /* Debug */,
				E8D5F2461F2341D6000C0ADA /* Release */,
			);
			defaultConfigurationIsVisible = 0;
			defaultConfigurationName = Release;
		};
/* End XCConfigurationList section */
	};
	rootObject = E8D5F22A1F2341D6000C0ADA /* Project object */;
}
